
Microsoft Visual Studio Solution File, Format Version 12.00
# Visual Studio 14
VisualStudioVersion = 14.0.25420.1
MinimumVisualStudioVersion = 10.0.40219.1
Project("{2150E333-8FDC-42A3-9474-1A3956D46DE8}") = "V1", "V1", "{6E4DB6A2-1074-4776-927C-C599F5115BC1}"
EndProject
Project("{2150E333-8FDC-42A3-9474-1A3956D46DE8}") = "V2", "V2", "{150CE727-3DD2-4650-A3E7-30D88DFBAD66}"
EndProject
Project("{FAE04EC0-301F-11D3-BF4B-00C04F79EFBC}") = "KataBankOCR.Test", "V1\KataBankOCR.Test\KataBankOCR.Test.csproj", "{29BAF085-08FA-4D20-9FE7-5C214E5E38F8}"
EndProject
Project("{FAE04EC0-301F-11D3-BF4B-00C04F79EFBC}") = "KataBankOCR", "V2\KataBankOCR\KataBankOCR.csproj", "{D0B4008D-5C71-4D18-B8F8-ACA35529549D}"
EndProject
Project("{FAE04EC0-301F-11D3-BF4B-00C04F79EFBC}") = "KataBankOCR.Tests", "V2\KataBankOCR.Tests\KataBankOCR.Tests.csproj", "{BA0910E8-16E6-4A30-AD87-247CC6D7B26B}"
EndProject
Global
	GlobalSection(SolutionConfigurationPlatforms) = preSolution
		Debug|Any CPU = Debug|Any CPU
		Release|Any CPU = Release|Any CPU
	EndGlobalSection
	GlobalSection(ProjectConfigurationPlatforms) = postSolution
		{29BAF085-08FA-4D20-9FE7-5C214E5E38F8}.Debug|Any CPU.ActiveCfg = Debug|Any CPU
		{29BAF085-08FA-4D20-9FE7-5C214E5E38F8}.Debug|Any CPU.Build.0 = Debug|Any CPU
		{29BAF085-08FA-4D20-9FE7-5C214E5E38F8}.Release|Any CPU.ActiveCfg = Release|Any CPU
		{29BAF085-08FA-4D20-9FE7-5C214E5E38F8}.Release|Any CPU.Build.0 = Release|Any CPU
		{D0B4008D-5C71-4D18-B8F8-ACA35529549D}.Debug|Any CPU.ActiveCfg = Debug|Any CPU
		{D0B4008D-5C71-4D18-B8F8-ACA35529549D}.Debug|Any CPU.Build.0 = Debug|Any CPU
		{D0B4008D-5C71-4D18-B8F8-ACA35529549D}.Release|Any CPU.ActiveCfg = Release|Any CPU
		{D0B4008D-5C71-4D18-B8F8-ACA35529549D}.Release|Any CPU.Build.0 = Release|Any CPU
		{BA0910E8-16E6-4A30-AD87-247CC6D7B26B}.Debug|Any CPU.ActiveCfg = Debug|Any CPU
		{BA0910E8-16E6-4A30-AD87-247CC6D7B26B}.Debug|Any CPU.Build.0 = Debug|Any CPU
		{BA0910E8-16E6-4A30-AD87-247CC6D7B26B}.Release|Any CPU.ActiveCfg = Release|Any CPU
		{BA0910E8-16E6-4A30-AD87-247CC6D7B26B}.Release|Any CPU.Build.0 = Release|Any CPU
	EndGlobalSection
	GlobalSection(SolutionProperties) = preSolution
		HideSolutionNode = FALSE
	EndGlobalSection
	GlobalSection(NestedProjects) = preSolution
		{29BAF085-08FA-4D20-9FE7-5C214E5E38F8} = {6E4DB6A2-1074-4776-927C-C599F5115BC1}
		{D0B4008D-5C71-4D18-B8F8-ACA35529549D} = {150CE727-3DD2-4650-A3E7-30D88DFBAD66}
		{BA0910E8-16E6-4A30-AD87-247CC6D7B26B} = {150CE727-3DD2-4650-A3E7-30D88DFBAD66}
	EndGlobalSection
EndGlobal
